
Microsoft Visual Studio Solution File, Format Version 12.00
# Visual Studio 14
VisualStudioVersion = 14.0.23107.0
MinimumVisualStudioVersion = 10.0.40219.1
Project("{2150E333-8FDC-42A3-9474-1A3956D46DE8}") = "1 - Presentation", "1 - Presentation", "{5DE40348-BF58-42FE-BB72-D131C4990B39}"
EndProject
Project("{2150E333-8FDC-42A3-9474-1A3956D46DE8}") = "2 - Application", "2 - Application", "{57A4DF38-0492-4E72-B5B1-6B12F536C368}"
EndProject
Project("{2150E333-8FDC-42A3-9474-1A3956D46DE8}") = "3 - Domain", "3 - Domain", "{01692B7D-BE4A-45A5-83B0-DA4C92A278F1}"
EndProject
Project("{2150E333-8FDC-42A3-9474-1A3956D46DE8}") = "4 - Infra", "4 - Infra", "{8FA2A2C1-66BA-4F9E-8741-C9BAD0779CFA}"
EndProject
Project("{2150E333-8FDC-42A3-9474-1A3956D46DE8}") = "4.1 - Data", "4.1 - Data", "{EFC14DB1-1EBE-4AE5-922A-8772F393DE08}"
EndProject
Project("{2150E333-8FDC-42A3-9474-1A3956D46DE8}") = "4.2 - CrossCutting", "4.2 - CrossCutting", "{B4FEE3FF-D065-4B7C-AFC1-F51A6AFE1E53}"
EndProject
Project("{FAE04EC0-301F-11D3-BF4B-00C04F79EFBC}") = "CrossCutting.Ioc", "src\CrossCutting.Ioc\CrossCutting.Ioc.csproj", "{058E8973-758E-4B9E-A757-B5892F7288B7}"
EndProject
Project("{FAE04EC0-301F-11D3-BF4B-00C04F79EFBC}") = "CrossCutting.Identity", "src\CrossCutting.Identity\CrossCutting.Identity.csproj", "{DC67F9DC-C3DB-4A8C-A0F7-DECF69059418}"
EndProject
Project("{FAE04EC0-301F-11D3-BF4B-00C04F79EFBC}") = "Infra.Data", "src\Infra.Data\Infra.Data.csproj", "{A09B9678-0591-4129-BA32-D7EF18AE3D1D}"
EndProject
Project("{FAE04EC0-301F-11D3-BF4B-00C04F79EFBC}") = "Domain", "src\Domain\Domain.csproj", "{F07DE9C9-41B0-4CE3-8CE9-E99079E80A47}"
EndProject
Project("{FAE04EC0-301F-11D3-BF4B-00C04F79EFBC}") = "App", "src\App\App.csproj", "{1001E419-D652-45FA-9B67-6E9FB4EAF7EB}"
EndProject
Project("{FAE04EC0-301F-11D3-BF4B-00C04F79EFBC}") = "Web", "src\Web\Web.csproj", "{0D0DB188-8BC1-49EB-BAF6-F54C9D72977F}"
EndProject
Global
	GlobalSection(SolutionConfigurationPlatforms) = preSolution
		Debug|Any CPU = Debug|Any CPU
		Release|Any CPU = Release|Any CPU
	EndGlobalSection
	GlobalSection(ProjectConfigurationPlatforms) = postSolution
		{058E8973-758E-4B9E-A757-B5892F7288B7}.Debug|Any CPU.ActiveCfg = Debug|Any CPU
		{058E8973-758E-4B9E-A757-B5892F7288B7}.Debug|Any CPU.Build.0 = Debug|Any CPU
		{058E8973-758E-4B9E-A757-B5892F7288B7}.Release|Any CPU.ActiveCfg = Release|Any CPU
		{058E8973-758E-4B9E-A757-B5892F7288B7}.Release|Any CPU.Build.0 = Release|Any CPU
		{DC67F9DC-C3DB-4A8C-A0F7-DECF69059418}.Debug|Any CPU.ActiveCfg = Debug|Any CPU
		{DC67F9DC-C3DB-4A8C-A0F7-DECF69059418}.Debug|Any CPU.Build.0 = Debug|Any CPU
		{DC67F9DC-C3DB-4A8C-A0F7-DECF69059418}.Release|Any CPU.ActiveCfg = Release|Any CPU
		{DC67F9DC-C3DB-4A8C-A0F7-DECF69059418}.Release|Any CPU.Build.0 = Release|Any CPU
		{A09B9678-0591-4129-BA32-D7EF18AE3D1D}.Debug|Any CPU.ActiveCfg = Debug|Any CPU
		{A09B9678-0591-4129-BA32-D7EF18AE3D1D}.Debug|Any CPU.Build.0 = Debug|Any CPU
		{A09B9678-0591-4129-BA32-D7EF18AE3D1D}.Release|Any CPU.ActiveCfg = Release|Any CPU
		{A09B9678-0591-4129-BA32-D7EF18AE3D1D}.Release|Any CPU.Build.0 = Release|Any CPU
		{F07DE9C9-41B0-4CE3-8CE9-E99079E80A47}.Debug|Any CPU.ActiveCfg = Debug|Any CPU
		{F07DE9C9-41B0-4CE3-8CE9-E99079E80A47}.Debug|Any CPU.Build.0 = Debug|Any CPU
		{F07DE9C9-41B0-4CE3-8CE9-E99079E80A47}.Release|Any CPU.ActiveCfg = Release|Any CPU
		{F07DE9C9-41B0-4CE3-8CE9-E99079E80A47}.Release|Any CPU.Build.0 = Release|Any CPU
		{1001E419-D652-45FA-9B67-6E9FB4EAF7EB}.Debug|Any CPU.ActiveCfg = Debug|Any CPU
		{1001E419-D652-45FA-9B67-6E9FB4EAF7EB}.Debug|Any CPU.Build.0 = Debug|Any CPU
		{1001E419-D652-45FA-9B67-6E9FB4EAF7EB}.Release|Any CPU.ActiveCfg = Release|Any CPU
		{1001E419-D652-45FA-9B67-6E9FB4EAF7EB}.Release|Any CPU.Build.0 = Release|Any CPU
		{0D0DB188-8BC1-49EB-BAF6-F54C9D72977F}.Debug|Any CPU.ActiveCfg = Debug|Any CPU
		{0D0DB188-8BC1-49EB-BAF6-F54C9D72977F}.Debug|Any CPU.Build.0 = Debug|Any CPU
		{0D0DB188-8BC1-49EB-BAF6-F54C9D72977F}.Release|Any CPU.ActiveCfg = Release|Any CPU
		{0D0DB188-8BC1-49EB-BAF6-F54C9D72977F}.Release|Any CPU.Build.0 = Release|Any CPU
	EndGlobalSection
	GlobalSection(SolutionProperties) = preSolution
		HideSolutionNode = FALSE
	EndGlobalSection
	GlobalSection(NestedProjects) = preSolution
		{EFC14DB1-1EBE-4AE5-922A-8772F393DE08} = {8FA2A2C1-66BA-4F9E-8741-C9BAD0779CFA}
		{B4FEE3FF-D065-4B7C-AFC1-F51A6AFE1E53} = {8FA2A2C1-66BA-4F9E-8741-C9BAD0779CFA}
		{058E8973-758E-4B9E-A757-B5892F7288B7} = {B4FEE3FF-D065-4B7C-AFC1-F51A6AFE1E53}
		{DC67F9DC-C3DB-4A8C-A0F7-DECF69059418} = {B4FEE3FF-D065-4B7C-AFC1-F51A6AFE1E53}
		{A09B9678-0591-4129-BA32-D7EF18AE3D1D} = {EFC14DB1-1EBE-4AE5-922A-8772F393DE08}
		{F07DE9C9-41B0-4CE3-8CE9-E99079E80A47} = {01692B7D-BE4A-45A5-83B0-DA4C92A278F1}
		{1001E419-D652-45FA-9B67-6E9FB4EAF7EB} = {57A4DF38-0492-4E72-B5B1-6B12F536C368}
		{0D0DB188-8BC1-49EB-BAF6-F54C9D72977F} = {5DE40348-BF58-42FE-BB72-D131C4990B39}
	EndGlobalSection
EndGlobal
