
Microsoft Visual Studio Solution File, Format Version 12.00
# Visual Studio 14
VisualStudioVersion = 14.0.24720.0
MinimumVisualStudioVersion = 10.0.40219.1
Project("{2150E333-8FDC-42A3-9474-1A3956D46DE8}") = "0 - Presentation", "0 - Presentation", "{E6031F36-E33E-4C21-97C3-87078B9957ED}"
EndProject
Project("{2150E333-8FDC-42A3-9474-1A3956D46DE8}") = "1 - Distributed Services", "1 - Distributed Services", "{C71C4DF2-2C56-44B3-98E2-97889C882DBA}"
EndProject
Project("{2150E333-8FDC-42A3-9474-1A3956D46DE8}") = "2 - Application", "2 - Application", "{CADEA79E-A398-4CB0-9394-1FA48A4FBCE5}"
EndProject
Project("{2150E333-8FDC-42A3-9474-1A3956D46DE8}") = "3 - Domain", "3 - Domain", "{3DC42C41-6010-4373-A3AD-0F8463710005}"
EndProject
Project("{2150E333-8FDC-42A3-9474-1A3956D46DE8}") = "4 - Infrastructure", "4 - Infrastructure", "{5D702668-0E7B-4AFF-B841-40A053344089}"
EndProject
Project("{2150E333-8FDC-42A3-9474-1A3956D46DE8}") = "4.1 - Data", "4.1 - Data", "{39C577DD-6004-4340-A33E-E30A7E5F025D}"
EndProject
Project("{2150E333-8FDC-42A3-9474-1A3956D46DE8}") = "4.2 - CrossCutting", "4.2 - CrossCutting", "{918E337D-E6A3-44EA-B59E-AFA454255360}"
EndProject
Project("{FAE04EC0-301F-11D3-BF4B-00C04F79EFBC}") = "ImovelBens.Infra.Data", "src\Infra.Data\ImovelBens.Infra.Data.csproj", "{D653516A-649C-4CA5-AAFF-B59EECB51D8E}"
EndProject
Project("{FAE04EC0-301F-11D3-BF4B-00C04F79EFBC}") = "ImovelBens.Domain", "src\Domain\ImovelBens.Domain.csproj", "{BEEE6DD8-0CA0-45CE-9368-9C9E19408100}"
EndProject
Project("{FAE04EC0-301F-11D3-BF4B-00C04F79EFBC}") = "ImovelBens.CrossCutting.IoC", "src\CrossCutting.IoC\ImovelBens.CrossCutting.IoC.csproj", "{BAE23EBF-474F-4A05-ACFB-42F27315E5C7}"
EndProject
Project("{FAE04EC0-301F-11D3-BF4B-00C04F79EFBC}") = "ImovelBens.App", "src\App\ImovelBens.App.csproj", "{DE7BC29B-E860-48FB-BB05-862E29A47423}"
EndProject
Project("{FAE04EC0-301F-11D3-BF4B-00C04F79EFBC}") = "ImovelBens.Web", "src\Web\ImovelBens.Web.csproj", "{9CFEE70E-9D59-45F0-B6FA-8E2CEACFA18C}"
EndProject
Project("{FAE04EC0-301F-11D3-BF4B-00C04F79EFBC}") = "ImovelBens.DomainTest", "test\DomainTest\ImovelBens.DomainTest.csproj", "{6E71F545-CD04-49E9-866A-0DB2EA17C920}"
EndProject
Global
	GlobalSection(SolutionConfigurationPlatforms) = preSolution
		Debug|Any CPU = Debug|Any CPU
		Release|Any CPU = Release|Any CPU
	EndGlobalSection
	GlobalSection(ProjectConfigurationPlatforms) = postSolution
		{D653516A-649C-4CA5-AAFF-B59EECB51D8E}.Debug|Any CPU.ActiveCfg = Debug|Any CPU
		{D653516A-649C-4CA5-AAFF-B59EECB51D8E}.Debug|Any CPU.Build.0 = Debug|Any CPU
		{D653516A-649C-4CA5-AAFF-B59EECB51D8E}.Release|Any CPU.ActiveCfg = Release|Any CPU
		{D653516A-649C-4CA5-AAFF-B59EECB51D8E}.Release|Any CPU.Build.0 = Release|Any CPU
		{BEEE6DD8-0CA0-45CE-9368-9C9E19408100}.Debug|Any CPU.ActiveCfg = Debug|Any CPU
		{BEEE6DD8-0CA0-45CE-9368-9C9E19408100}.Debug|Any CPU.Build.0 = Debug|Any CPU
		{BEEE6DD8-0CA0-45CE-9368-9C9E19408100}.Release|Any CPU.ActiveCfg = Release|Any CPU
		{BEEE6DD8-0CA0-45CE-9368-9C9E19408100}.Release|Any CPU.Build.0 = Release|Any CPU
		{BAE23EBF-474F-4A05-ACFB-42F27315E5C7}.Debug|Any CPU.ActiveCfg = Debug|Any CPU
		{BAE23EBF-474F-4A05-ACFB-42F27315E5C7}.Debug|Any CPU.Build.0 = Debug|Any CPU
		{BAE23EBF-474F-4A05-ACFB-42F27315E5C7}.Release|Any CPU.ActiveCfg = Release|Any CPU
		{BAE23EBF-474F-4A05-ACFB-42F27315E5C7}.Release|Any CPU.Build.0 = Release|Any CPU
		{DE7BC29B-E860-48FB-BB05-862E29A47423}.Debug|Any CPU.ActiveCfg = Debug|Any CPU
		{DE7BC29B-E860-48FB-BB05-862E29A47423}.Debug|Any CPU.Build.0 = Debug|Any CPU
		{DE7BC29B-E860-48FB-BB05-862E29A47423}.Release|Any CPU.ActiveCfg = Release|Any CPU
		{DE7BC29B-E860-48FB-BB05-862E29A47423}.Release|Any CPU.Build.0 = Release|Any CPU
		{9CFEE70E-9D59-45F0-B6FA-8E2CEACFA18C}.Debug|Any CPU.ActiveCfg = Debug|Any CPU
		{9CFEE70E-9D59-45F0-B6FA-8E2CEACFA18C}.Debug|Any CPU.Build.0 = Debug|Any CPU
		{9CFEE70E-9D59-45F0-B6FA-8E2CEACFA18C}.Release|Any CPU.ActiveCfg = Release|Any CPU
		{9CFEE70E-9D59-45F0-B6FA-8E2CEACFA18C}.Release|Any CPU.Build.0 = Release|Any CPU
		{6E71F545-CD04-49E9-866A-0DB2EA17C920}.Debug|Any CPU.ActiveCfg = Debug|Any CPU
		{6E71F545-CD04-49E9-866A-0DB2EA17C920}.Debug|Any CPU.Build.0 = Debug|Any CPU
		{6E71F545-CD04-49E9-866A-0DB2EA17C920}.Release|Any CPU.ActiveCfg = Release|Any CPU
		{6E71F545-CD04-49E9-866A-0DB2EA17C920}.Release|Any CPU.Build.0 = Release|Any CPU
	EndGlobalSection
	GlobalSection(SolutionProperties) = preSolution
		HideSolutionNode = FALSE
	EndGlobalSection
	GlobalSection(NestedProjects) = preSolution
		{39C577DD-6004-4340-A33E-E30A7E5F025D} = {5D702668-0E7B-4AFF-B841-40A053344089}
		{918E337D-E6A3-44EA-B59E-AFA454255360} = {5D702668-0E7B-4AFF-B841-40A053344089}
		{D653516A-649C-4CA5-AAFF-B59EECB51D8E} = {39C577DD-6004-4340-A33E-E30A7E5F025D}
		{BEEE6DD8-0CA0-45CE-9368-9C9E19408100} = {3DC42C41-6010-4373-A3AD-0F8463710005}
		{BAE23EBF-474F-4A05-ACFB-42F27315E5C7} = {918E337D-E6A3-44EA-B59E-AFA454255360}
		{DE7BC29B-E860-48FB-BB05-862E29A47423} = {CADEA79E-A398-4CB0-9394-1FA48A4FBCE5}
		{9CFEE70E-9D59-45F0-B6FA-8E2CEACFA18C} = {E6031F36-E33E-4C21-97C3-87078B9957ED}
		{6E71F545-CD04-49E9-866A-0DB2EA17C920} = {3DC42C41-6010-4373-A3AD-0F8463710005}
	EndGlobalSection
EndGlobal
